
Microsoft Visual Studio Solution File, Format Version 12.00
# Visual Studio Version 17
VisualStudioVersion = 17.5.33627.172
MinimumVisualStudioVersion = 10.0.40219.1
Project("{FAE04EC0-301F-11D3-BF4B-00C04F79EFBC}") = "CL.WebApi", "CL.WebApi\CL.WebApi.csproj", "{EA409282-ABED-471B-A5C3-B161505CC135}"
EndProject
Project("{2150E333-8FDC-42A3-9474-1A3956D46DE8}") = "01.CL_WebApi", "01.CL_WebApi", "{4E1A7DAC-0C48-4C06-899C-09F92C71401C}"
EndProject
Project("{2150E333-8FDC-42A3-9474-1A3956D46DE8}") = "02.CL_Manager", "02.CL_Manager", "{AB5FF560-6E58-49E3-BA81-CF430B4EE35F}"
EndProject
Project("{2150E333-8FDC-42A3-9474-1A3956D46DE8}") = "03.CL_Data", "03.CL_Data", "{E1983FC5-13EE-4E84-9D39-6C0F79FF72CF}"
EndProject
Project("{2150E333-8FDC-42A3-9474-1A3956D46DE8}") = "04.CL_Core", "04.CL_Core", "{6108F94D-254E-44A1-85CD-8DB08B7D8DF0}"
EndProject
Project("{2150E333-8FDC-42A3-9474-1A3956D46DE8}") = "05.CL_Tests", "05.CL_Tests", "{846EB843-A8A4-4851-9AB6-D05F2F6B5071}"
EndProject
Project("{FAE04EC0-301F-11D3-BF4B-00C04F79EFBC}") = "CL.Manager", "CL.Manager\CL.Manager.csproj", "{E6103726-35D2-4409-BD23-AE003CFCF18B}"
EndProject
Project("{FAE04EC0-301F-11D3-BF4B-00C04F79EFBC}") = "CL.Data", "CL.Data\CL.Data.csproj", "{E15FD502-F39D-4D64-8EB8-E06C92360353}"
EndProject
Project("{FAE04EC0-301F-11D3-BF4B-00C04F79EFBC}") = "CL.Core", "CL.Core\CL.Core.csproj", "{41EF8BB0-0FD0-47A9-A4BF-9808E0719625}"
EndProject
Project("{FAE04EC0-301F-11D3-BF4B-00C04F79EFBC}") = "CL.Tests", "CL.Tests\CL.Tests.csproj", "{E6E16C29-65E0-4355-9F2E-CBC3F7E11ADF}"
EndProject
Global
	GlobalSection(SolutionConfigurationPlatforms) = preSolution
		Debug|Any CPU = Debug|Any CPU
		Release|Any CPU = Release|Any CPU
	EndGlobalSection
	GlobalSection(ProjectConfigurationPlatforms) = postSolution
		{EA409282-ABED-471B-A5C3-B161505CC135}.Debug|Any CPU.ActiveCfg = Debug|Any CPU
		{EA409282-ABED-471B-A5C3-B161505CC135}.Debug|Any CPU.Build.0 = Debug|Any CPU
		{EA409282-ABED-471B-A5C3-B161505CC135}.Release|Any CPU.ActiveCfg = Release|Any CPU
		{EA409282-ABED-471B-A5C3-B161505CC135}.Release|Any CPU.Build.0 = Release|Any CPU
		{E6103726-35D2-4409-BD23-AE003CFCF18B}.Debug|Any CPU.ActiveCfg = Debug|Any CPU
		{E6103726-35D2-4409-BD23-AE003CFCF18B}.Debug|Any CPU.Build.0 = Debug|Any CPU
		{E6103726-35D2-4409-BD23-AE003CFCF18B}.Release|Any CPU.ActiveCfg = Release|Any CPU
		{E6103726-35D2-4409-BD23-AE003CFCF18B}.Release|Any CPU.Build.0 = Release|Any CPU
		{E15FD502-F39D-4D64-8EB8-E06C92360353}.Debug|Any CPU.ActiveCfg = Debug|Any CPU
		{E15FD502-F39D-4D64-8EB8-E06C92360353}.Debug|Any CPU.Build.0 = Debug|Any CPU
		{E15FD502-F39D-4D64-8EB8-E06C92360353}.Release|Any CPU.ActiveCfg = Release|Any CPU
		{E15FD502-F39D-4D64-8EB8-E06C92360353}.Release|Any CPU.Build.0 = Release|Any CPU
		{41EF8BB0-0FD0-47A9-A4BF-9808E0719625}.Debug|Any CPU.ActiveCfg = Debug|Any CPU
		{41EF8BB0-0FD0-47A9-A4BF-9808E0719625}.Debug|Any CPU.Build.0 = Debug|Any CPU
		{41EF8BB0-0FD0-47A9-A4BF-9808E0719625}.Release|Any CPU.ActiveCfg = Release|Any CPU
		{41EF8BB0-0FD0-47A9-A4BF-9808E0719625}.Release|Any CPU.Build.0 = Release|Any CPU
		{E6E16C29-65E0-4355-9F2E-CBC3F7E11ADF}.Debug|Any CPU.ActiveCfg = Debug|Any CPU
		{E6E16C29-65E0-4355-9F2E-CBC3F7E11ADF}.Debug|Any CPU.Build.0 = Debug|Any CPU
		{E6E16C29-65E0-4355-9F2E-CBC3F7E11ADF}.Release|Any CPU.ActiveCfg = Release|Any CPU
		{E6E16C29-65E0-4355-9F2E-CBC3F7E11ADF}.Release|Any CPU.Build.0 = Release|Any CPU
	EndGlobalSection
	GlobalSection(SolutionProperties) = preSolution
		HideSolutionNode = FALSE
	EndGlobalSection
	GlobalSection(NestedProjects) = preSolution
		{EA409282-ABED-471B-A5C3-B161505CC135} = {4E1A7DAC-0C48-4C06-899C-09F92C71401C}
		{E6103726-35D2-4409-BD23-AE003CFCF18B} = {AB5FF560-6E58-49E3-BA81-CF430B4EE35F}
		{E15FD502-F39D-4D64-8EB8-E06C92360353} = {E1983FC5-13EE-4E84-9D39-6C0F79FF72CF}
		{41EF8BB0-0FD0-47A9-A4BF-9808E0719625} = {6108F94D-254E-44A1-85CD-8DB08B7D8DF0}
		{E6E16C29-65E0-4355-9F2E-CBC3F7E11ADF} = {846EB843-A8A4-4851-9AB6-D05F2F6B5071}
	EndGlobalSection
	GlobalSection(ExtensibilityGlobals) = postSolution
		SolutionGuid = {513A312C-C7FF-4947-9674-5C7A88177096}
	EndGlobalSection
EndGlobal
